
Microsoft Visual Studio Solution File, Format Version 12.00
# Visual Studio 2013
VisualStudioVersion = 12.0.21005.1
MinimumVisualStudioVersion = 10.0.40219.1
Project("{FAE04EC0-301F-11D3-BF4B-00C04F79EFBC}") = "capadatos", "capadatos\capadatos.csproj", "{428F8058-E9BD-4287-BC6B-4E5433DB9C3E}"
EndProject
Project("{FAE04EC0-301F-11D3-BF4B-00C04F79EFBC}") = "capaNegocios", "capaNegocios\capaNegocios.csproj", "{8D315C1F-584C-48A7-A112-375EE5E732EE}"
EndProject
Project("{FAE04EC0-301F-11D3-BF4B-00C04F79EFBC}") = "presentacion", "presentacion\presentacion.csproj", "{49DBD58C-A5CA-410F-ABF8-8C5E605258A3}"
EndProject
Global
	GlobalSection(SolutionConfigurationPlatforms) = preSolution
		Debug|Any CPU = Debug|Any CPU
		Release|Any CPU = Release|Any CPU
	EndGlobalSection
	GlobalSection(ProjectConfigurationPlatforms) = postSolution
		{428F8058-E9BD-4287-BC6B-4E5433DB9C3E}.Debug|Any CPU.ActiveCfg = Debug|Any CPU
		{428F8058-E9BD-4287-BC6B-4E5433DB9C3E}.Debug|Any CPU.Build.0 = Debug|Any CPU
		{428F8058-E9BD-4287-BC6B-4E5433DB9C3E}.Release|Any CPU.ActiveCfg = Release|Any CPU
		{428F8058-E9BD-4287-BC6B-4E5433DB9C3E}.Release|Any CPU.Build.0 = Release|Any CPU
		{8D315C1F-584C-48A7-A112-375EE5E732EE}.Debug|Any CPU.ActiveCfg = Debug|Any CPU
		{8D315C1F-584C-48A7-A112-375EE5E732EE}.Debug|Any CPU.Build.0 = Debug|Any CPU
		{8D315C1F-584C-48A7-A112-375EE5E732EE}.Release|Any CPU.ActiveCfg = Release|Any CPU
		{8D315C1F-584C-48A7-A112-375EE5E732EE}.Release|Any CPU.Build.0 = Release|Any CPU
		{49DBD58C-A5CA-410F-ABF8-8C5E605258A3}.Debug|Any CPU.ActiveCfg = Debug|Any CPU
		{49DBD58C-A5CA-410F-ABF8-8C5E605258A3}.Debug|Any CPU.Build.0 = Debug|Any CPU
		{49DBD58C-A5CA-410F-ABF8-8C5E605258A3}.Release|Any CPU.ActiveCfg = Release|Any CPU
		{49DBD58C-A5CA-410F-ABF8-8C5E605258A3}.Release|Any CPU.Build.0 = Release|Any CPU
	EndGlobalSection
	GlobalSection(SolutionProperties) = preSolution
		HideSolutionNode = FALSE
	EndGlobalSection
EndGlobal
